
Microsoft Visual Studio Solution File, Format Version 12.00
# Visual Studio Version 16
VisualStudioVersion = 16.0.31025.194
MinimumVisualStudioVersion = 10.0.40219.1
Project("{FAE04EC0-301F-11D3-BF4B-00C04F79EFBC}") = "ReferenceTypes", "ReferenceTypes\ReferenceTypes.csproj", "{BA666279-DC78-4544-A1BE-CC600B122506}"
EndProject
Project("{FAE04EC0-301F-11D3-BF4B-00C04F79EFBC}") = "ValueTypes", "ValueTypes\ValueTypes.csproj", "{9ABC2181-3437-4058-B231-BFBE6249565C}"
EndProject
Project("{FAE04EC0-301F-11D3-BF4B-00C04F79EFBC}") = "UnitTestProject1", "UnitTestProject1\UnitTestProject1.csproj", "{031D7E4B-6587-4B40-9712-BCC1AA437567}"
EndProject
Project("{FAE04EC0-301F-11D3-BF4B-00C04F79EFBC}") = "Comparison", "Comparison\Comparison.csproj", "{20719E34-F361-4D25-A66E-DFD67BEDA239}"
EndProject
Project("{FAE04EC0-301F-11D3-BF4B-00C04F79EFBC}") = "Conditionals", "Conditionals\Conditionals.csproj", "{412843F0-F0D1-46DD-85B2-3BA1DFEE793B}"
EndProject
Global
	GlobalSection(SolutionConfigurationPlatforms) = preSolution
		Debug|Any CPU = Debug|Any CPU
		Release|Any CPU = Release|Any CPU
	EndGlobalSection
	GlobalSection(ProjectConfigurationPlatforms) = postSolution
		{BA666279-DC78-4544-A1BE-CC600B122506}.Debug|Any CPU.ActiveCfg = Debug|Any CPU
		{BA666279-DC78-4544-A1BE-CC600B122506}.Debug|Any CPU.Build.0 = Debug|Any CPU
		{BA666279-DC78-4544-A1BE-CC600B122506}.Release|Any CPU.ActiveCfg = Release|Any CPU
		{BA666279-DC78-4544-A1BE-CC600B122506}.Release|Any CPU.Build.0 = Release|Any CPU
		{9ABC2181-3437-4058-B231-BFBE6249565C}.Debug|Any CPU.ActiveCfg = Debug|Any CPU
		{9ABC2181-3437-4058-B231-BFBE6249565C}.Debug|Any CPU.Build.0 = Debug|Any CPU
		{9ABC2181-3437-4058-B231-BFBE6249565C}.Release|Any CPU.ActiveCfg = Release|Any CPU
		{9ABC2181-3437-4058-B231-BFBE6249565C}.Release|Any CPU.Build.0 = Release|Any CPU
		{031D7E4B-6587-4B40-9712-BCC1AA437567}.Debug|Any CPU.ActiveCfg = Debug|Any CPU
		{031D7E4B-6587-4B40-9712-BCC1AA437567}.Debug|Any CPU.Build.0 = Debug|Any CPU
		{031D7E4B-6587-4B40-9712-BCC1AA437567}.Release|Any CPU.ActiveCfg = Release|Any CPU
		{031D7E4B-6587-4B40-9712-BCC1AA437567}.Release|Any CPU.Build.0 = Release|Any CPU
		{20719E34-F361-4D25-A66E-DFD67BEDA239}.Debug|Any CPU.ActiveCfg = Debug|Any CPU
		{20719E34-F361-4D25-A66E-DFD67BEDA239}.Debug|Any CPU.Build.0 = Debug|Any CPU
		{20719E34-F361-4D25-A66E-DFD67BEDA239}.Release|Any CPU.ActiveCfg = Release|Any CPU
		{20719E34-F361-4D25-A66E-DFD67BEDA239}.Release|Any CPU.Build.0 = Release|Any CPU
		{412843F0-F0D1-46DD-85B2-3BA1DFEE793B}.Debug|Any CPU.ActiveCfg = Debug|Any CPU
		{412843F0-F0D1-46DD-85B2-3BA1DFEE793B}.Debug|Any CPU.Build.0 = Debug|Any CPU
		{412843F0-F0D1-46DD-85B2-3BA1DFEE793B}.Release|Any CPU.ActiveCfg = Release|Any CPU
		{412843F0-F0D1-46DD-85B2-3BA1DFEE793B}.Release|Any CPU.Build.0 = Release|Any CPU
	EndGlobalSection
	GlobalSection(SolutionProperties) = preSolution
		HideSolutionNode = FALSE
	EndGlobalSection
	GlobalSection(ExtensibilityGlobals) = postSolution
		SolutionGuid = {B4329ABD-9308-4BD2-B832-50147DC2CFC0}
	EndGlobalSection
EndGlobal
